
Microsoft Visual Studio Solution File, Format Version 12.00
# Visual Studio Version 16
VisualStudioVersion = 16.0.33423.256
MinimumVisualStudioVersion = 10.0.40219.1
Project("{FAE04EC0-301F-11D3-BF4B-00C04F79EFBC}") = "MinhaApp", "MinhaApp\MinhaApp.csproj", "{0108AFF0-4AA8-4007-9786-5EB04FB3CD60}"
EndProject
Global
	GlobalSection(SolutionConfigurationPlatforms) = preSolution
		Debug|Any CPU = Debug|Any CPU
		Release|Any CPU = Release|Any CPU
	EndGlobalSection
	GlobalSection(ProjectConfigurationPlatforms) = postSolution
		{0108AFF0-4AA8-4007-9786-5EB04FB3CD60}.Debug|Any CPU.ActiveCfg = Debug|Any CPU
		{0108AFF0-4AA8-4007-9786-5EB04FB3CD60}.Debug|Any CPU.Build.0 = Debug|Any CPU
		{0108AFF0-4AA8-4007-9786-5EB04FB3CD60}.Release|Any CPU.ActiveCfg = Release|Any CPU
		{0108AFF0-4AA8-4007-9786-5EB04FB3CD60}.Release|Any CPU.Build.0 = Release|Any CPU
	EndGlobalSection
	GlobalSection(SolutionProperties) = preSolution
		HideSolutionNode = FALSE
	EndGlobalSection
	GlobalSection(ExtensibilityGlobals) = postSolution
		SolutionGuid = {07533748-83C0-443B-8074-342A365A653C}
	EndGlobalSection
EndGlobal
